// !$*UTF8*$!
{
	archiveVersion = 1;
	classes = {
	};
	objectVersion = 50;
	objects = {

/* Begin PBXBuildFile section */
		18ECFF3B22D7FA1900CA3CDA /* AppDelegate.swift in Sources */ = {isa = PBXBuildFile; fileRef = 18ECFF3A22D7FA1900CA3CDA /* AppDelegate.swift */; };
		18ECFF3D22D7FA1900CA3CDA /* ViewController.swift in Sources */ = {isa = PBXBuildFile; fileRef = 18ECFF3C22D7FA1900CA3CDA /* ViewController.swift */; };
		18ECFF4022D7FA1900CA3CDA /* Main.storyboard in Resources */ = {isa = PBXBuildFile; fileRef = 18ECFF3E22D7FA1900CA3CDA /* Main.storyboard */; };
		18ECFF4222D7FA1A00CA3CDA /* Assets.xcassets in Resources */ = {isa = PBXBuildFile; fileRef = 18ECFF4122D7FA1A00CA3CDA /* Assets.xcassets */; };
		18ECFF4522D7FA1A00CA3CDA /* LaunchScreen.storyboard in Resources */ = {isa = PBXBuildFile; fileRef = 18ECFF4322D7FA1A00CA3CDA /* LaunchScreen.storyboard */; };
		18ECFF5022D7FA1A00CA3CDA /* emojionalTests.swift in Sources */ = {isa = PBXBuildFile; fileRef = 18ECFF4F22D7FA1A00CA3CDA /* emojionalTests.swift */; };
		18ECFF5B22D7FA1A00CA3CDA /* emojionalUITests.swift in Sources */ = {isa = PBXBuildFile; fileRef = 18ECFF5A22D7FA1A00CA3CDA /* emojionalUITests.swift */; };
/* End PBXBuildFile section */

/* Begin PBXContainerItemProxy section */
		18ECFF4C22D7FA1A00CA3CDA /* PBXContainerItemProxy */ = {
			isa = PBXContainerItemProxy;
			containerPortal = 18ECFF2F22D7FA1900CA3CDA /* Project object */;
			proxyType = 1;
			remoteGlobalIDString = 18ECFF3622D7FA1900CA3CDA;
			remoteInfo = emojional;
		};
		18ECFF5722D7FA1A00CA3CDA /* PBXContainerItemProxy */ = {
			isa = PBXContainerItemProxy;
			containerPortal = 18ECFF2F22D7FA1900CA3CDA /* Project object */;
			proxyType = 1;
			remoteGlobalIDString = 18ECFF3622D7FA1900CA3CDA;
			remoteInfo = emojional;
		};
/* End PBXContainerItemProxy section */

/* Begin PBXFileReference section */
		18ECFF3722D7FA1900CA3CDA /* emojional.app */ = {isa = PBXFileReference; explicitFileType = wrapper.application; includeInIndex = 0; path = emojional.app; sourceTree = BUILT_PRODUCTS_DIR; };
		18ECFF3A22D7FA1900CA3CDA /* AppDelegate.swift */ = {isa = PBXFileReference; lastKnownFileType = sourcecode.swift; path = AppDelegate.swift; sourceTree = "<group>"; };
		18ECFF3C22D7FA1900CA3CDA /* ViewController.swift */ = {isa = PBXFileReference; lastKnownFileType = sourcecode.swift; path = ViewController.swift; sourceTree = "<group>"; };
		18ECFF3F22D7FA1900CA3CDA /* Base */ = {isa = PBXFileReference; lastKnownFileType = file.storyboard; name = Base; path = Base.lproj/Main.storyboard; sourceTree = "<group>"; };
		18ECFF4122D7FA1A00CA3CDA /* Assets.xcassets */ = {isa = PBXFileReference; lastKnownFileType = folder.assetcatalog; path = Assets.xcassets; sourceTree = "<group>"; };
		18ECFF4422D7FA1A00CA3CDA /* Base */ = {isa = PBXFileReference; lastKnownFileType = file.storyboard; name = Base; path = Base.lproj/LaunchScreen.storyboard; sourceTree = "<group>"; };
		18ECFF4622D7FA1A00CA3CDA /* Info.plist */ = {isa = PBXFileReference; lastKnownFileType = text.plist.xml; path = Info.plist; sourceTree = "<group>"; };
		18ECFF4B22D7FA1A00CA3CDA /* emojionalTests.xctest */ = {isa = PBXFileReference; explicitFileType = wrapper.cfbundle; includeInIndex = 0; path = emojionalTests.xctest; sourceTree = BUILT_PRODUCTS_DIR; };
		18ECFF4F22D7FA1A00CA3CDA /* emojionalTests.swift */ = {isa = PBXFileReference; lastKnownFileType = sourcecode.swift; path = emojionalTests.swift; sourceTree = "<group>"; };
		18ECFF5122D7FA1A00CA3CDA /* Info.plist */ = {isa = PBXFileReference; lastKnownFileType = text.plist.xml; path = Info.plist; sourceTree = "<group>"; };
		18ECFF5622D7FA1A00CA3CDA /* emojionalUITests.xctest */ = {isa = PBXFileReference; explicitFileType = wrapper.cfbundle; includeInIndex = 0; path = emojionalUITests.xctest; sourceTree = BUILT_PRODUCTS_DIR; };
		18ECFF5A22D7FA1A00CA3CDA /* emojionalUITests.swift */ = {isa = PBXFileReference; lastKnownFileType = sourcecode.swift; path = emojionalUITests.swift; sourceTree = "<group>"; };
		18ECFF5C22D7FA1A00CA3CDA /* Info.plist */ = {isa = PBXFileReference; lastKnownFileType = text.plist.xml; path = Info.plist; sourceTree = "<group>"; };
/* End PBXFileReference section */

/* Begin PBXFrameworksBuildPhase section */
		18ECFF3422D7FA1900CA3CDA /* Frameworks */ = {
			isa = PBXFrameworksBuildPhase;
			buildActionMask = 2147483647;
			files = (
			);
			runOnlyForDeploymentPostprocessing = 0;
		};
		18ECFF4822D7FA1A00CA3CDA /* Frameworks */ = {
			isa = PBXFrameworksBuildPhase;
			buildActionMask = 2147483647;
			files = (
			);
			runOnlyForDeploymentPostprocessing = 0;
		};
		18ECFF5322D7FA1A00CA3CDA /* Frameworks */ = {
			isa = PBXFrameworksBuildPhase;
			buildActionMask = 2147483647;
			files = (
			);
			runOnlyForDeploymentPostprocessing = 0;
		};
/* End PBXFrameworksBuildPhase section */

/* Begin PBXGroup section */
		18ECFF2E22D7FA1900CA3CDA = {
			isa = PBXGroup;
			children = (
				18ECFF3922D7FA1900CA3CDA /* emojional */,
				18ECFF4E22D7FA1A00CA3CDA /* emojionalTests */,
				18ECFF5922D7FA1A00CA3CDA /* emojionalUITests */,
				18ECFF3822D7FA1900CA3CDA /* Products */,
			);
			sourceTree = "<group>";
		};
		18ECFF3822D7FA1900CA3CDA /* Products */ = {
			isa = PBXGroup;
			children = (
				18ECFF3722D7FA1900CA3CDA /* emojional.app */,
				18ECFF4B22D7FA1A00CA3CDA /* emojionalTests.xctest */,
				18ECFF5622D7FA1A00CA3CDA /* emojionalUITests.xctest */,
			);
			name = Products;
			sourceTree = "<group>";
		};
		18ECFF3922D7FA1900CA3CDA /* emojional */ = {
			isa = PBXGroup;
			children = (
				18ECFF3A22D7FA1900CA3CDA /* AppDelegate.swift */,
				18ECFF3C22D7FA1900CA3CDA /* ViewController.swift */,
				18ECFF3E22D7FA1900CA3CDA /* Main.storyboard */,
				18ECFF4122D7FA1A00CA3CDA /* Assets.xcassets */,
				18ECFF4322D7FA1A00CA3CDA /* LaunchScreen.storyboard */,
				18ECFF4622D7FA1A00CA3CDA /* Info.plist */,
			);
			path = emojional;
			sourceTree = "<group>";
		};
		18ECFF4E22D7FA1A00CA3CDA /* emojionalTests */ = {
			isa = PBXGroup;
			children = (
				18ECFF4F22D7FA1A00CA3CDA /* emojionalTests.swift */,
				18ECFF5122D7FA1A00CA3CDA /* Info.plist */,
			);
			path = emojionalTests;
			sourceTree = "<group>";
		};
		18ECFF5922D7FA1A00CA3CDA /* emojionalUITests */ = {
			isa = PBXGroup;
			children = (
				18ECFF5A22D7FA1A00CA3CDA /* emojionalUITests.swift */,
				18ECFF5C22D7FA1A00CA3CDA /* Info.plist */,
			);
			path = emojionalUITests;
			sourceTree = "<group>";
		};
/* End PBXGroup section */

/* Begin PBXNativeTarget section */
		18ECFF3622D7FA1900CA3CDA /* emojional */ = {
			isa = PBXNativeTarget;
			buildConfigurationList = 18ECFF5F22D7FA1A00CA3CDA /* Build configuration list for PBXNativeTarget "emojional" */;
			buildPhases = (
				18ECFF3322D7FA1900CA3CDA /* Sources */,
				18ECFF3422D7FA1900CA3CDA /* Frameworks */,
				18ECFF3522D7FA1900CA3CDA /* Resources */,
			);
			buildRules = (
			);
			dependencies = (
			);
			name = emojional;
			productName = emojional;
			productReference = 18ECFF3722D7FA1900CA3CDA /* emojional.app */;
			productType = "com.apple.product-type.application";
		};
		18ECFF4A22D7FA1A00CA3CDA /* emojionalTests */ = {
			isa = PBXNativeTarget;
			buildConfigurationList = 18ECFF6222D7FA1A00CA3CDA /* Build configuration list for PBXNativeTarget "emojionalTests" */;
			buildPhases = (
				18ECFF4722D7FA1A00CA3CDA /* Sources */,
				18ECFF4822D7FA1A00CA3CDA /* Frameworks */,
				18ECFF4922D7FA1A00CA3CDA /* Resources */,
			);
			buildRules = (
			);
			dependencies = (
				18ECFF4D22D7FA1A00CA3CDA /* PBXTargetDependency */,
			);
			name = emojionalTests;
			productName = emojionalTests;
			productReference = 18ECFF4B22D7FA1A00CA3CDA /* emojionalTests.xctest */;
			productType = "com.apple.product-type.bundle.unit-test";
		};
		18ECFF5522D7FA1A00CA3CDA /* emojionalUITests */ = {
			isa = PBXNativeTarget;
			buildConfigurationList = 18ECFF6522D7FA1A00CA3CDA /* Build configuration list for PBXNativeTarget "emojionalUITests" */;
			buildPhases = (
				18ECFF5222D7FA1A00CA3CDA /* Sources */,
				18ECFF5322D7FA1A00CA3CDA /* Frameworks */,
				18ECFF5422D7FA1A00CA3CDA /* Resources */,
			);
			buildRules = (
			);
			dependencies = (
				18ECFF5822D7FA1A00CA3CDA /* PBXTargetDependency */,
			);
			name = emojionalUITests;
			productName = emojionalUITests;
			productReference = 18ECFF5622D7FA1A00CA3CDA /* emojionalUITests.xctest */;
			productType = "com.apple.product-type.bundle.ui-testing";
		};
/* End PBXNativeTarget section */

/* Begin PBXProject section */
		18ECFF2F22D7FA1900CA3CDA /* Project object */ = {
			isa = PBXProject;
			attributes = {
				LastSwiftUpdateCheck = 1020;
				LastUpgradeCheck = 1020;
				ORGANIZATIONNAME = Apple;
				TargetAttributes = {
					18ECFF3622D7FA1900CA3CDA = {
						CreatedOnToolsVersion = 10.2.1;
					};
					18ECFF4A22D7FA1A00CA3CDA = {
						CreatedOnToolsVersion = 10.2.1;
						TestTargetID = 18ECFF3622D7FA1900CA3CDA;
					};
					18ECFF5522D7FA1A00CA3CDA = {
						CreatedOnToolsVersion = 10.2.1;
						TestTargetID = 18ECFF3622D7FA1900CA3CDA;
					};
				};
			};
			buildConfigurationList = 18ECFF3222D7FA1900CA3CDA /* Build configuration list for PBXProject "emojional" */;
			compatibilityVersion = "Xcode 9.3";
			developmentRegion = en;
			hasScannedForEncodings = 0;
			knownRegions = (
				en,
				Base,
			);
			mainGroup = 18ECFF2E22D7FA1900CA3CDA;
			productRefGroup = 18ECFF3822D7FA1900CA3CDA /* Products */;
			projectDirPath = "";
			projectRoot = "";
			targets = (
				18ECFF3622D7FA1900CA3CDA /* emojional */,
				18ECFF4A22D7FA1A00CA3CDA /* emojionalTests */,
				18ECFF5522D7FA1A00CA3CDA /* emojionalUITests */,
			);
		};
/* End PBXProject section */

/* Begin PBXResourcesBuildPhase section */
		18ECFF3522D7FA1900CA3CDA /* Resources */ = {
			isa = PBXResourcesBuildPhase;
			buildActionMask = 2147483647;
			files = (
				18ECFF4522D7FA1A00CA3CDA /* LaunchScreen.storyboard in Resources */,
				18ECFF4222D7FA1A00CA3CDA /* Assets.xcassets in Resources */,
				18ECFF4022D7FA1900CA3CDA /* Main.storyboard in Resources */,
			);
			runOnlyForDeploymentPostprocessing = 0;
		};
		18ECFF4922D7FA1A00CA3CDA /* Resources */ = {
			isa = PBXResourcesBuildPhase;
			buildActionMask = 2147483647;
			files = (
			);
			runOnlyForDeploymentPostprocessing = 0;
		};
		18ECFF5422D7FA1A00CA3CDA /* Resources */ = {
			isa = PBXResourcesBuildPhase;
			buildActionMask = 2147483647;
			files = (
			);
			runOnlyForDeploymentPostprocessing = 0;
		};
/* End PBXResourcesBuildPhase section */

/* Begin PBXSourcesBuildPhase section */
		18ECFF3322D7FA1900CA3CDA /* Sources */ = {
			isa = PBXSourcesBuildPhase;
			buildActionMask = 2147483647;
			files = (
				18ECFF3D22D7FA1900CA3CDA /* ViewController.swift in Sources */,
				18ECFF3B22D7FA1900CA3CDA /* AppDelegate.swift in Sources */,
			);
			runOnlyForDeploymentPostprocessing = 0;
		};
		18ECFF4722D7FA1A00CA3CDA /* Sources */ = {
			isa = PBXSourcesBuildPhase;
			buildActionMask = 2147483647;
			files = (
				18ECFF5022D7FA1A00CA3CDA /* emojionalTests.swift in Sources */,
			);
			runOnlyForDeploymentPostprocessing = 0;
		};
		18ECFF5222D7FA1A00CA3CDA /* Sources */ = {
			isa = PBXSourcesBuildPhase;
			buildActionMask = 2147483647;
			files = (
				18ECFF5B22D7FA1A00CA3CDA /* emojionalUITests.swift in Sources */,
			);
			runOnlyForDeploymentPostprocessing = 0;
		};
/* End PBXSourcesBuildPhase section */

/* Begin PBXTargetDependency section */
		18ECFF4D22D7FA1A00CA3CDA /* PBXTargetDependency */ = {
			isa = PBXTargetDependency;
			target = 18ECFF3622D7FA1900CA3CDA /* emojional */;
			targetProxy = 18ECFF4C22D7FA1A00CA3CDA /* PBXContainerItemProxy */;
		};
		18ECFF5822D7FA1A00CA3CDA /* PBXTargetDependency */ = {
			isa = PBXTargetDependency;
			target = 18ECFF3622D7FA1900CA3CDA /* emojional */;
			targetProxy = 18ECFF5722D7FA1A00CA3CDA /* PBXContainerItemProxy */;
		};
/* End PBXTargetDependency section */

/* Begin PBXVariantGroup section */
		18ECFF3E22D7FA1900CA3CDA /* Main.storyboard */ = {
			isa = PBXVariantGroup;
			children = (
				18ECFF3F22D7FA1900CA3CDA /* Base */,
			);
			name = Main.storyboard;
			sourceTree = "<group>";
		};
		18ECFF4322D7FA1A00CA3CDA /* LaunchScreen.storyboard */ = {
			isa = PBXVariantGroup;
			children = (
				18ECFF4422D7FA1A00CA3CDA /* Base */,
			);
			name = LaunchScreen.storyboard;
			sourceTree = "<group>";
		};
/* End PBXVariantGroup section */

/* Begin XCBuildConfiguration section */
		18ECFF5D22D7FA1A00CA3CDA /* Debug */ = {
			isa = XCBuildConfiguration;
			buildSettings = {
				ALWAYS_SEARCH_USER_PATHS = NO;
				CLANG_ANALYZER_NONNULL = YES;
				CLANG_ANALYZER_NUMBER_OBJECT_CONVERSION = YES_AGGRESSIVE;
				CLANG_CXX_LANGUAGE_STANDARD = "gnu++14";
				CLANG_CXX_LIBRARY = "libc++";
				CLANG_ENABLE_MODULES = YES;
				CLANG_ENABLE_OBJC_ARC = YES;
				CLANG_ENABLE_OBJC_WEAK = YES;
				CLANG_WARN_BLOCK_CAPTURE_AUTORELEASING = YES;
				CLANG_WARN_BOOL_CONVERSION = YES;
				CLANG_WARN_COMMA = YES;
				CLANG_WARN_CONSTANT_CONVERSION = YES;
				CLANG_WARN_DEPRECATED_OBJC_IMPLEMENTATIONS = YES;
				CLANG_WARN_DIRECT_OBJC_ISA_USAGE = YES_ERROR;
				CLANG_WARN_DOCUMENTATION_COMMENTS = YES;
				CLANG_WARN_EMPTY_BODY = YES;
				CLANG_WARN_ENUM_CONVERSION = YES;
				CLANG_WARN_INFINITE_RECURSION = YES;
				CLANG_WARN_INT_CONVERSION = YES;
				CLANG_WARN_NON_LITERAL_NULL_CONVERSION = YES;
				CLANG_WARN_OBJC_IMPLICIT_RETAIN_SELF = YES;
				CLANG_WARN_OBJC_LITERAL_CONVERSION = YES;
				CLANG_WARN_OBJC_ROOT_CLASS = YES_ERROR;
				CLANG_WARN_RANGE_LOOP_ANALYSIS = YES;
				CLANG_WARN_STRICT_PROTOTYPES = YES;
				CLANG_WARN_SUSPICIOUS_MOVE = YES;
				CLANG_WARN_UNGUARDED_AVAILABILITY = YES_AGGRESSIVE;
				CLANG_WARN_UNREACHABLE_CODE = YES;
				CLANG_WARN__DUPLICATE_METHOD_MATCH = YES;
				CODE_SIGN_IDENTITY = "iPhone Developer";
				COPY_PHASE_STRIP = NO;
				DEBUG_INFORMATION_FORMAT = dwarf;
				ENABLE_STRICT_OBJC_MSGSEND = YES;
				ENABLE_TESTABILITY = YES;
				GCC_C_LANGUAGE_STANDARD = gnu11;
				GCC_DYNAMIC_NO_PIC = NO;
				GCC_NO_COMMON_BLOCKS = YES;
				GCC_OPTIMIZATION_LEVEL = 0;
				GCC_PREPROCESSOR_DEFINITIONS = (
					"DEBUG=1",
					"$(inherited)",
				);
				GCC_WARN_64_TO_32_BIT_CONVERSION = YES;
				GCC_WARN_ABOUT_RETURN_TYPE = YES_ERROR;
				GCC_WARN_UNDECLARED_SELECTOR = YES;
				GCC_WARN_UNINITIALIZED_AUTOS = YES_AGGRESSIVE;
				GCC_WARN_UNUSED_FUNCTION = YES;
				GCC_WARN_UNUSED_VARIABLE = YES;
				IPHONEOS_DEPLOYMENT_TARGET = 12.2;
				MTL_ENABLE_DEBUG_INFO = INCLUDE_SOURCE;
				MTL_FAST_MATH = YES;
				ONLY_ACTIVE_ARCH = YES;
				SDKROOT = iphoneos;
				SWIFT_ACTIVE_COMPILATION_CONDITIONS = DEBUG;
				SWIFT_OPTIMIZATION_LEVEL = "-Onone";
			};
			name = Debug;
		};
		18ECFF5E22D7FA1A00CA3CDA /* Release */ = {
			isa = XCBuildConfiguration;
			buildSettings = {
				ALWAYS_SEARCH_USER_PATHS = NO;
				CLANG_ANALYZER_NONNULL = YES;
				CLANG_ANALYZER_NUMBER_OBJECT_CONVERSION = YES_AGGRESSIVE;
				CLANG_CXX_LANGUAGE_STANDARD = "gnu++14";
				CLANG_CXX_LIBRARY = "libc++";
				CLANG_ENABLE_MODULES = YES;
				CLANG_ENABLE_OBJC_ARC = YES;
				CLANG_ENABLE_OBJC_WEAK = YES;
				CLANG_WARN_BLOCK_CAPTURE_AUTORELEASING = YES;
				CLANG_WARN_BOOL_CONVERSION = YES;
				CLANG_WARN_COMMA = YES;
				CLANG_WARN_CONSTANT_CONVERSION = YES;
				CLANG_WARN_DEPRECATED_OBJC_IMPLEMENTATIONS = YES;
				CLANG_WARN_DIRECT_OBJC_ISA_USAGE = YES_ERROR;
				CLANG_WARN_DOCUMENTATION_COMMENTS = YES;
				CLANG_WARN_EMPTY_BODY = YES;
				CLANG_WARN_ENUM_CONVERSION = YES;
				CLANG_WARN_INFINITE_RECURSION = YES;
				CLANG_WARN_INT_CONVERSION = YES;
				CLANG_WARN_NON_LITERAL_NULL_CONVERSION = YES;
				CLANG_WARN_OBJC_IMPLICIT_RETAIN_SELF = YES;
				CLANG_WARN_OBJC_LITERAL_CONVERSION = YES;
				CLANG_WARN_OBJC_ROOT_CLASS = YES_ERROR;
				CLANG_WARN_RANGE_LOOP_ANALYSIS = YES;
				CLANG_WARN_STRICT_PROTOTYPES = YES;
				CLANG_WARN_SUSPICIOUS_MOVE = YES;
				CLANG_WARN_UNGUARDED_AVAILABILITY = YES_AGGRESSIVE;
				CLANG_WARN_UNREACHABLE_CODE = YES;
				CLANG_WARN__DUPLICATE_METHOD_MATCH = YES;
				CODE_SIGN_IDENTITY = "iPhone Developer";
				COPY_PHASE_STRIP = NO;
				DEBUG_INFORMATION_FORMAT = "dwarf-with-dsym";
				ENABLE_NS_ASSERTIONS = NO;
				ENABLE_STRICT_OBJC_MSGSEND = YES;
				GCC_C_LANGUAGE_STANDARD = gnu11;
				GCC_NO_COMMON_BLOCKS = YES;
				GCC_WARN_64_TO_32_BIT_CONVERSION = YES;
				GCC_WARN_ABOUT_RETURN_TYPE = YES_ERROR;
				GCC_WARN_UNDECLARED_SELECTOR = YES;
				GCC_WARN_UNINITIALIZED_AUTOS = YES_AGGRESSIVE;
				GCC_WARN_UNUSED_FUNCTION = YES;
				GCC_WARN_UNUSED_VARIABLE = YES;
				IPHONEOS_DEPLOYMENT_TARGET = 12.2;
				MTL_ENABLE_DEBUG_INFO = NO;
				MTL_FAST_MATH = YES;
				SDKROOT = iphoneos;
				SWIFT_COMPILATION_MODE = wholemodule;
				SWIFT_OPTIMIZATION_LEVEL = "-O";
				VALIDATE_PRODUCT = YES;
			};
			name = Release;
		};
		18ECFF6022D7FA1A00CA3CDA /* Debug */ = {
			isa = XCBuildConfiguration;
			buildSettings = {
				ASSETCATALOG_COMPILER_APPICON_NAME = AppIcon;
				CODE_SIGN_STYLE = Automatic;
				INFOPLIST_FILE = emojional/Info.plist;
				LD_RUNPATH_SEARCH_PATHS = (
					"$(inherited)",
					"@executable_path/Frameworks",
				);
				PRODUCT_BUNDLE_IDENTIFIER = maira.emojional;
				PRODUCT_NAME = "$(TARGET_NAME)";
				SWIFT_VERSION = 5.0;
				TARGETED_DEVICE_FAMILY = "1,2";
			};
			name = Debug;
		};
		18ECFF6122D7FA1A00CA3CDA /* Release */ = {
			isa = XCBuildConfiguration;
			buildSettings = {
				ASSETCATALOG_COMPILER_APPICON_NAME = AppIcon;
				CODE_SIGN_STYLE = Automatic;
				INFOPLIST_FILE = emojional/Info.plist;
				LD_RUNPATH_SEARCH_PATHS = (
					"$(inherited)",
					"@executable_path/Frameworks",
				);
				PRODUCT_BUNDLE_IDENTIFIER = maira.emojional;
				PRODUCT_NAME = "$(TARGET_NAME)";
				SWIFT_VERSION = 5.0;
				TARGETED_DEVICE_FAMILY = "1,2";
			};
			name = Release;
		};
		18ECFF6322D7FA1A00CA3CDA /* Debug */ = {
			isa = XCBuildConfiguration;
			buildSettings = {
				ALWAYS_EMBED_SWIFT_STANDARD_LIBRARIES = YES;
				BUNDLE_LOADER = "$(TEST_HOST)";
				CODE_SIGN_STYLE = Automatic;
				INFOPLIST_FILE = emojionalTests/Info.plist;
				LD_RUNPATH_SEARCH_PATHS = (
					"$(inherited)",
					"@executable_path/Frameworks",
					"@loader_path/Frameworks",
				);
				PRODUCT_BUNDLE_IDENTIFIER = maira.emojionalTests;
				PRODUCT_NAME = "$(TARGET_NAME)";
				SWIFT_VERSION = 5.0;
				TARGETED_DEVICE_FAMILY = "1,2";
				TEST_HOST = "$(BUILT_PRODUCTS_DIR)/emojional.app/emojional";
			};
			name = Debug;
		};
		18ECFF6422D7FA1A00CA3CDA /* Release */ = {
			isa = XCBuildConfiguration;
			buildSettings = {
				ALWAYS_EMBED_SWIFT_STANDARD_LIBRARIES = YES;
				BUNDLE_LOADER = "$(TEST_HOST)";
				CODE_SIGN_STYLE = Automatic;
				INFOPLIST_FILE = emojionalTests/Info.plist;
				LD_RUNPATH_SEARCH_PATHS = (
					"$(inherited)",
					"@executable_path/Frameworks",
					"@loader_path/Frameworks",
				);
				PRODUCT_BUNDLE_IDENTIFIER = maira.emojionalTests;
				PRODUCT_NAME = "$(TARGET_NAME)";
				SWIFT_VERSION = 5.0;
				TARGETED_DEVICE_FAMILY = "1,2";
				TEST_HOST = "$(BUILT_PRODUCTS_DIR)/emojional.app/emojional";
			};
			name = Release;
		};
		18ECFF6622D7FA1A00CA3CDA /* Debug */ = {
			isa = XCBuildConfiguration;
			buildSettings = {
				ALWAYS_EMBED_SWIFT_STANDARD_LIBRARIES = YES;
				CODE_SIGN_STYLE = Automatic;
				INFOPLIST_FILE = emojionalUITests/Info.plist;
				LD_RUNPATH_SEARCH_PATHS = (
					"$(inherited)",
					"@executable_path/Frameworks",
					"@loader_path/Frameworks",
				);
				PRODUCT_BUNDLE_IDENTIFIER = maira.emojionalUITests;
				PRODUCT_NAME = "$(TARGET_NAME)";
				SWIFT_VERSION = 5.0;
				TARGETED_DEVICE_FAMILY = "1,2";
				TEST_TARGET_NAME = emojional;
			};
			name = Debug;
		};
		18ECFF6722D7FA1A00CA3CDA /* Release */ = {
			isa = XCBuildConfiguration;
			buildSettings = {
				ALWAYS_EMBED_SWIFT_STANDARD_LIBRARIES = YES;
				CODE_SIGN_STYLE = Automatic;
				INFOPLIST_FILE = emojionalUITests/Info.plist;
				LD_RUNPATH_SEARCH_PATHS = (
					"$(inherited)",
					"@executable_path/Frameworks",
					"@loader_path/Frameworks",
				);
				PRODUCT_BUNDLE_IDENTIFIER = maira.emojionalUITests;
				PRODUCT_NAME = "$(TARGET_NAME)";
				SWIFT_VERSION = 5.0;
				TARGETED_DEVICE_FAMILY = "1,2";
				TEST_TARGET_NAME = emojional;
			};
			name = Release;
		};
/* End XCBuildConfiguration section */

/* Begin XCConfigurationList section */
		18ECFF3222D7FA1900CA3CDA /* Build configuration list for PBXProject "emojional" */ = {
			isa = XCConfigurationList;
			buildConfigurations = (
				18ECFF5D22D7FA1A00CA3CDA /* Debug */,
				18ECFF5E22D7FA1A00CA3CDA /* Release */,
			);
			defaultConfigurationIsVisible = 0;
			defaultConfigurationName = Release;
		};
		18ECFF5F22D7FA1A00CA3CDA /* Build configuration list for PBXNativeTarget "emojional" */ = {
			isa = XCConfigurationList;
			buildConfigurations = (
				18ECFF6022D7FA1A00CA3CDA /* Debug */,
				18ECFF6122D7FA1A00CA3CDA /* Release */,
			);
			defaultConfigurationIsVisible = 0;
			defaultConfigurationName = Release;
		};
		18ECFF6222D7FA1A00CA3CDA /* Build configuration list for PBXNativeTarget "emojionalTests" */ = {
			isa = XCConfigurationList;
			buildConfigurations = (
				18ECFF6322D7FA1A00CA3CDA /* Debug */,
				18ECFF6422D7FA1A00CA3CDA /* Release */,
			);
			defaultConfigurationIsVisible = 0;
			defaultConfigurationName = Release;
		};
		18ECFF6522D7FA1A00CA3CDA /* Build configuration list for PBXNativeTarget "emojionalUITests" */ = {
			isa = XCConfigurationList;
			buildConfigurations = (
				18ECFF6622D7FA1A00CA3CDA /* Debug */,
				18ECFF6722D7FA1A00CA3CDA /* Release */,
			);
			defaultConfigurationIsVisible = 0;
			defaultConfigurationName = Release;
		};
/* End XCConfigurationList section */
	};
	rootObject = 18ECFF2F22D7FA1900CA3CDA /* Project object */;
}
